// !$*UTF8*$!
{
	archiveVersion = 1;
	classes = {
	};
	objectVersion = 56;
	objects = {

/* Begin PBXBuildFile section */
		2DD47D373E98D0DE3BB8D93B /* Pods_FileOperationsExample.framework in Frameworks */ = {isa = PBXBuildFile; fileRef = A2357D7F0402451D8735C99F /* Pods_FileOperationsExample.framework */; };
		D66D06F829D973EA009A3CCC /* AppDelegate.swift in Sources */ = {isa = PBXBuildFile; fileRef = D66D06F729D973EA009A3CCC /* AppDelegate.swift */; };
		D66D06FA29D973EA009A3CCC /* SceneDelegate.swift in Sources */ = {isa = PBXBuildFile; fileRef = D66D06F929D973EA009A3CCC /* SceneDelegate.swift */; };
		D66D06FC29D973EA009A3CCC /* ViewController.swift in Sources */ = {isa = PBXBuildFile; fileRef = D66D06FB29D973EA009A3CCC /* ViewController.swift */; };
		D66D06FF29D973EA009A3CCC /* Main.storyboard in Resources */ = {isa = PBXBuildFile; fileRef = D66D06FD29D973EA009A3CCC /* Main.storyboard */; };
		D66D070129D973EB009A3CCC /* Assets.xcassets in Resources */ = {isa = PBXBuildFile; fileRef = D66D070029D973EB009A3CCC /* Assets.xcassets */; };
		D66D070429D973EB009A3CCC /* LaunchScreen.storyboard in Resources */ = {isa = PBXBuildFile; fileRef = D66D070229D973EB009A3CCC /* LaunchScreen.storyboard */; };
/* End PBXBuildFile section */

/* Begin PBXFileReference section */
		A2357D7F0402451D8735C99F /* Pods_FileOperationsExample.framework */ = {isa = PBXFileReference; explicitFileType = wrapper.framework; includeInIndex = 0; path = Pods_FileOperationsExample.framework; sourceTree = BUILT_PRODUCTS_DIR; };
		B1D1A997AF039EF2FE1FFCBD /* Pods-FileOperationsExample.release.xcconfig */ = {isa = PBXFileReference; includeInIndex = 1; lastKnownFileType = text.xcconfig; name = "Pods-FileOperationsExample.release.xcconfig"; path = "Target Support Files/Pods-FileOperationsExample/Pods-FileOperationsExample.release.xcconfig"; sourceTree = "<group>"; };
		CB4444D8C568B6A564011CAA /* Pods-FileOperationsExample.debug.xcconfig */ = {isa = PBXFileReference; includeInIndex = 1; lastKnownFileType = text.xcconfig; name = "Pods-FileOperationsExample.debug.xcconfig"; path = "Target Support Files/Pods-FileOperationsExample/Pods-FileOperationsExample.debug.xcconfig"; sourceTree = "<group>"; };
		D66D06F429D973EA009A3CCC /* FileOperationsExample.app */ = {isa = PBXFileReference; explicitFileType = wrapper.application; includeInIndex = 0; path = FileOperationsExample.app; sourceTree = BUILT_PRODUCTS_DIR; };
		D66D06F729D973EA009A3CCC /* AppDelegate.swift */ = {isa = PBXFileReference; lastKnownFileType = sourcecode.swift; path = AppDelegate.swift; sourceTree = "<group>"; };
		D66D06F929D973EA009A3CCC /* SceneDelegate.swift */ = {isa = PBXFileReference; lastKnownFileType = sourcecode.swift; path = SceneDelegate.swift; sourceTree = "<group>"; };
		D66D06FB29D973EA009A3CCC /* ViewController.swift */ = {isa = PBXFileReference; lastKnownFileType = sourcecode.swift; path = ViewController.swift; sourceTree = "<group>"; };
		D66D06FE29D973EA009A3CCC /* Base */ = {isa = PBXFileReference; lastKnownFileType = file.storyboard; name = Base; path = Base.lproj/Main.storyboard; sourceTree = "<group>"; };
		D66D070029D973EB009A3CCC /* Assets.xcassets */ = {isa = PBXFileReference; lastKnownFileType = folder.assetcatalog; path = Assets.xcassets; sourceTree = "<group>"; };
		D66D070329D973EB009A3CCC /* Base */ = {isa = PBXFileReference; lastKnownFileType = file.storyboard; name = Base; path = Base.lproj/LaunchScreen.storyboard; sourceTree = "<group>"; };
		D66D070529D973EB009A3CCC /* Info.plist */ = {isa = PBXFileReference; lastKnownFileType = text.plist.xml; path = Info.plist; sourceTree = "<group>"; };
/* End PBXFileReference section */

/* Begin PBXFrameworksBuildPhase section */
		D66D06F129D973EA009A3CCC /* Frameworks */ = {
			isa = PBXFrameworksBuildPhase;
			buildActionMask = 2147483647;
			files = (
				2DD47D373E98D0DE3BB8D93B /* Pods_FileOperationsExample.framework in Frameworks */,
			);
			runOnlyForDeploymentPostprocessing = 0;
		};
/* End PBXFrameworksBuildPhase section */

/* Begin PBXGroup section */
		1246808896E4D4272D0BE9CE /* Frameworks */ = {
			isa = PBXGroup;
			children = (
				A2357D7F0402451D8735C99F /* Pods_FileOperationsExample.framework */,
			);
			name = Frameworks;
			sourceTree = "<group>";
		};
		B65A4CAC4D44EFAC5D69F539 /* Pods */ = {
			isa = PBXGroup;
			children = (
				CB4444D8C568B6A564011CAA /* Pods-FileOperationsExample.debug.xcconfig */,
				B1D1A997AF039EF2FE1FFCBD /* Pods-FileOperationsExample.release.xcconfig */,
			);
			name = Pods;
			path = Pods;
			sourceTree = "<group>";
		};
		D66D06EB29D973EA009A3CCC = {
			isa = PBXGroup;
			children = (
				D66D06F629D973EA009A3CCC /* FileOperationsExample */,
				D66D06F529D973EA009A3CCC /* Products */,
				B65A4CAC4D44EFAC5D69F539 /* Pods */,
				1246808896E4D4272D0BE9CE /* Frameworks */,
			);
			sourceTree = "<group>";
		};
		D66D06F529D973EA009A3CCC /* Products */ = {
			isa = PBXGroup;
			children = (
				D66D06F429D973EA009A3CCC /* FileOperationsExample.app */,
			);
			name = Products;
			sourceTree = "<group>";
		};
		D66D06F629D973EA009A3CCC /* FileOperationsExample */ = {
			isa = PBXGroup;
			children = (
				D66D06F729D973EA009A3CCC /* AppDelegate.swift */,
				D66D06F929D973EA009A3CCC /* SceneDelegate.swift */,
				D66D06FB29D973EA009A3CCC /* ViewController.swift */,
				D66D06FD29D973EA009A3CCC /* Main.storyboard */,
				D66D070029D973EB009A3CCC /* Assets.xcassets */,
				D66D070229D973EB009A3CCC /* LaunchScreen.storyboard */,
				D66D070529D973EB009A3CCC /* Info.plist */,
			);
			path = FileOperationsExample;
			sourceTree = "<group>";
		};
/* End PBXGroup section */

/* Begin PBXNativeTarget section */
		D66D06F329D973EA009A3CCC /* FileOperationsExample */ = {
			isa = PBXNativeTarget;
			buildConfigurationList = D66D070829D973EB009A3CCC /* Build configuration list for PBXNativeTarget "FileOperationsExample" */;
			buildPhases = (
				474DFC0284A635AA1CA093B9 /* [CP] Check Pods Manifest.lock */,
				D66D06F029D973EA009A3CCC /* Sources */,
				D66D06F129D973EA009A3CCC /* Frameworks */,
				D66D06F229D973EA009A3CCC /* Resources */,
				B5A041FAFC9F427A8FA2C29E /* [CP] Embed Pods Frameworks */,
			);
			buildRules = (
			);
			dependencies = (
			);
			name = FileOperationsExample;
			productName = FileOperationsExample;
			productReference = D66D06F429D973EA009A3CCC /* FileOperationsExample.app */;
			productType = "com.apple.product-type.application";
		};
/* End PBXNativeTarget section */

/* Begin PBXProject section */
		D66D06EC29D973EA009A3CCC /* Project object */ = {
			isa = PBXProject;
			attributes = {
				BuildIndependentTargetsInParallel = 1;
				LastSwiftUpdateCheck = 1430;
				LastUpgradeCheck = 1430;
				TargetAttributes = {
					D66D06F329D973EA009A3CCC = {
						CreatedOnToolsVersion = 14.3;
					};
				};
			};
			buildConfigurationList = D66D06EF29D973EA009A3CCC /* Build configuration list for PBXProject "FileOperationsExample" */;
			compatibilityVersion = "Xcode 14.0";
			developmentRegion = en;
			hasScannedForEncodings = 0;
			knownRegions = (
				en,
				Base,
			);
			mainGroup = D66D06EB29D973EA009A3CCC;
			productRefGroup = D66D06F529D973EA009A3CCC /* Products */;
			projectDirPath = "";
			projectRoot = "";
			targets = (
				D66D06F329D973EA009A3CCC /* FileOperationsExample */,
			);
		};
/* End PBXProject section */

/* Begin PBXResourcesBuildPhase section */
		D66D06F229D973EA009A3CCC /* Resources */ = {
			isa = PBXResourcesBuildPhase;
			buildActionMask = 2147483647;
			files = (
				D66D070429D973EB009A3CCC /* LaunchScreen.storyboard in Resources */,
				D66D070129D973EB009A3CCC /* Assets.xcassets in Resources */,
				D66D06FF29D973EA009A3CCC /* Main.storyboard in Resources */,
			);
			runOnlyForDeploymentPostprocessing = 0;
		};
/* End PBXResourcesBuildPhase section */

/* Begin PBXShellScriptBuildPhase section */
		474DFC0284A635AA1CA093B9 /* [CP] Check Pods Manifest.lock */ = {
			isa = PBXShellScriptBuildPhase;
			buildActionMask = 2147483647;
			files = (
			);
			inputFileListPaths = (
			);
			inputPaths = (
				"${PODS_PODFILE_DIR_PATH}/Podfile.lock",
				"${PODS_ROOT}/Manifest.lock",
			);
			name = "[CP] Check Pods Manifest.lock";
			outputFileListPaths = (
			);
			outputPaths = (
				"$(DERIVED_FILE_DIR)/Pods-FileOperationsExample-checkManifestLockResult.txt",
			);
			runOnlyForDeploymentPostprocessing = 0;
			shellPath = /bin/sh;
			shellScript = "diff \"${PODS_PODFILE_DIR_PATH}/Podfile.lock\" \"${PODS_ROOT}/Manifest.lock\" > /dev/null\nif [ $? != 0 ] ; then\n    # print error to STDERR\n    echo \"error: The sandbox is not in sync with the Podfile.lock. Run 'pod install' or update your CocoaPods installation.\" >&2\n    exit 1\nfi\n# This output is used by Xcode 'outputs' to avoid re-running this script phase.\necho \"SUCCESS\" > \"${SCRIPT_OUTPUT_FILE_0}\"\n";
			showEnvVarsInLog = 0;
		};
		B5A041FAFC9F427A8FA2C29E /* [CP] Embed Pods Frameworks */ = {
			isa = PBXShellScriptBuildPhase;
			buildActionMask = 2147483647;
			files = (
			);
			inputFileListPaths = (
				"${PODS_ROOT}/Target Support Files/Pods-FileOperationsExample/Pods-FileOperationsExample-frameworks-${CONFIGURATION}-input-files.xcfilelist",
			);
			name = "[CP] Embed Pods Frameworks";
			outputFileListPaths = (
				"${PODS_ROOT}/Target Support Files/Pods-FileOperationsExample/Pods-FileOperationsExample-frameworks-${CONFIGURATION}-output-files.xcfilelist",
			);
			runOnlyForDeploymentPostprocessing = 0;
			shellPath = /bin/sh;
			shellScript = "\"${PODS_ROOT}/Target Support Files/Pods-FileOperationsExample/Pods-FileOperationsExample-frameworks.sh\"\n";
			showEnvVarsInLog = 0;
		};
/* End PBXShellScriptBuildPhase section */

/* Begin PBXSourcesBuildPhase section */
		D66D06F029D973EA009A3CCC /* Sources */ = {
			isa = PBXSourcesBuildPhase;
			buildActionMask = 2147483647;
			files = (
				D66D06FC29D973EA009A3CCC /* ViewController.swift in Sources */,
				D66D06F829D973EA009A3CCC /* AppDelegate.swift in Sources */,
				D66D06FA29D973EA009A3CCC /* SceneDelegate.swift in Sources */,
			);
			runOnlyForDeploymentPostprocessing = 0;
		};
/* End PBXSourcesBuildPhase section */

/* Begin PBXVariantGroup section */
		D66D06FD29D973EA009A3CCC /* Main.storyboard */ = {
			isa = PBXVariantGroup;
			children = (
				D66D06FE29D973EA009A3CCC /* Base */,
			);
			name = Main.storyboard;
			sourceTree = "<group>";
		};
		D66D070229D973EB009A3CCC /* LaunchScreen.storyboard */ = {
			isa = PBXVariantGroup;
			children = (
				D66D070329D973EB009A3CCC /* Base */,
			);
			name = LaunchScreen.storyboard;
			sourceTree = "<group>";
		};
/* End PBXVariantGroup section */

/* Begin XCBuildConfiguration section */
		D66D070629D973EB009A3CCC /* Debug */ = {
			isa = XCBuildConfiguration;
			buildSettings = {
				ALWAYS_SEARCH_USER_PATHS = NO;
				CLANG_ANALYZER_NONNULL = YES;
				CLANG_ANALYZER_NUMBER_OBJECT_CONVERSION = YES_AGGRESSIVE;
				CLANG_CXX_LANGUAGE_STANDARD = "gnu++20";
				CLANG_ENABLE_MODULES = YES;
				CLANG_ENABLE_OBJC_ARC = YES;
				CLANG_ENABLE_OBJC_WEAK = YES;
				CLANG_WARN_BLOCK_CAPTURE_AUTORELEASING = YES;
				CLANG_WARN_BOOL_CONVERSION = YES;
				CLANG_WARN_COMMA = YES;
				CLANG_WARN_CONSTANT_CONVERSION = YES;
				CLANG_WARN_DEPRECATED_OBJC_IMPLEMENTATIONS = YES;
				CLANG_WARN_DIRECT_OBJC_ISA_USAGE = YES_ERROR;
				CLANG_WARN_DOCUMENTATION_COMMENTS = YES;
				CLANG_WARN_EMPTY_BODY = YES;
				CLANG_WARN_ENUM_CONVERSION = YES;
				CLANG_WARN_INFINITE_RECURSION = YES;
				CLANG_WARN_INT_CONVERSION = YES;
				CLANG_WARN_NON_LITERAL_NULL_CONVERSION = YES;
				CLANG_WARN_OBJC_IMPLICIT_RETAIN_SELF = YES;
				CLANG_WARN_OBJC_LITERAL_CONVERSION = YES;
				CLANG_WARN_OBJC_ROOT_CLASS = YES_ERROR;
				CLANG_WARN_QUOTED_INCLUDE_IN_FRAMEWORK_HEADER = YES;
				CLANG_WARN_RANGE_LOOP_ANALYSIS = YES;
				CLANG_WARN_STRICT_PROTOTYPES = YES;
				CLANG_WARN_SUSPICIOUS_MOVE = YES;
				CLANG_WARN_UNGUARDED_AVAILABILITY = YES_AGGRESSIVE;
				CLANG_WARN_UNREACHABLE_CODE = YES;
				CLANG_WARN__DUPLICATE_METHOD_MATCH = YES;
				COPY_PHASE_STRIP = NO;
				DEBUG_INFORMATION_FORMAT = dwarf;
				ENABLE_STRICT_OBJC_MSGSEND = YES;
				ENABLE_TESTABILITY = YES;
				GCC_C_LANGUAGE_STANDARD = gnu11;
				GCC_DYNAMIC_NO_PIC = NO;
				GCC_NO_COMMON_BLOCKS = YES;
				GCC_OPTIMIZATION_LEVEL = 0;
				GCC_PREPROCESSOR_DEFINITIONS = (
					"DEBUG=1",
					"$(inherited)",
				);
				GCC_WARN_64_TO_32_BIT_CONVERSION = YES;
				GCC_WARN_ABOUT_RETURN_TYPE = YES_ERROR;
				GCC_WARN_UNDECLARED_SELECTOR = YES;
				GCC_WARN_UNINITIALIZED_AUTOS = YES_AGGRESSIVE;
				GCC_WARN_UNUSED_FUNCTION = YES;
				GCC_WARN_UNUSED_VARIABLE = YES;
				IPHONEOS_DEPLOYMENT_TARGET = 16.4;
				MTL_ENABLE_DEBUG_INFO = INCLUDE_SOURCE;
				MTL_FAST_MATH = YES;
				ONLY_ACTIVE_ARCH = YES;
				SDKROOT = iphoneos;
				SWIFT_ACTIVE_COMPILATION_CONDITIONS = DEBUG;
				SWIFT_OPTIMIZATION_LEVEL = "-Onone";
			};
			name = Debug;
		};
		D66D070729D973EB009A3CCC /* Release */ = {
			isa = XCBuildConfiguration;
			buildSettings = {
				ALWAYS_SEARCH_USER_PATHS = NO;
				CLANG_ANALYZER_NONNULL = YES;
				CLANG_ANALYZER_NUMBER_OBJECT_CONVERSION = YES_AGGRESSIVE;
				CLANG_CXX_LANGUAGE_STANDARD = "gnu++20";
				CLANG_ENABLE_MODULES = YES;
				CLANG_ENABLE_OBJC_ARC = YES;
				CLANG_ENABLE_OBJC_WEAK = YES;
				CLANG_WARN_BLOCK_CAPTURE_AUTORELEASING = YES;
				CLANG_WARN_BOOL_CONVERSION = YES;
				CLANG_WARN_COMMA = YES;
				CLANG_WARN_CONSTANT_CONVERSION = YES;
				CLANG_WARN_DEPRECATED_OBJC_IMPLEMENTATIONS = YES;
				CLANG_WARN_DIRECT_OBJC_ISA_USAGE = YES_ERROR;
				CLANG_WARN_DOCUMENTATION_COMMENTS = YES;
				CLANG_WARN_EMPTY_BODY = YES;
				CLANG_WARN_ENUM_CONVERSION = YES;
				CLANG_WARN_INFINITE_RECURSION = YES;
				CLANG_WARN_INT_CONVERSION = YES;
				CLANG_WARN_NON_LITERAL_NULL_CONVERSION = YES;
				CLANG_WARN_OBJC_IMPLICIT_RETAIN_SELF = YES;
				CLANG_WARN_OBJC_LITERAL_CONVERSION = YES;
				CLANG_WARN_OBJC_ROOT_CLASS = YES_ERROR;
				CLANG_WARN_QUOTED_INCLUDE_IN_FRAMEWORK_HEADER = YES;
				CLANG_WARN_RANGE_LOOP_ANALYSIS = YES;
				CLANG_WARN_STRICT_PROTOTYPES = YES;
				CLANG_WARN_SUSPICIOUS_MOVE = YES;
				CLANG_WARN_UNGUARDED_AVAILABILITY = YES_AGGRESSIVE;
				CLANG_WARN_UNREACHABLE_CODE = YES;
				CLANG_WARN__DUPLICATE_METHOD_MATCH = YES;
				COPY_PHASE_STRIP = NO;
				DEBUG_INFORMATION_FORMAT = "dwarf-with-dsym";
				ENABLE_NS_ASSERTIONS = NO;
				ENABLE_STRICT_OBJC_MSGSEND = YES;
				GCC_C_LANGUAGE_STANDARD = gnu11;
				GCC_NO_COMMON_BLOCKS = YES;
				GCC_WARN_64_TO_32_BIT_CONVERSION = YES;
				GCC_WARN_ABOUT_RETURN_TYPE = YES_ERROR;
				GCC_WARN_UNDECLARED_SELECTOR = YES;
				GCC_WARN_UNINITIALIZED_AUTOS = YES_AGGRESSIVE;
				GCC_WARN_UNUSED_FUNCTION = YES;
				GCC_WARN_UNUSED_VARIABLE = YES;
				IPHONEOS_DEPLOYMENT_TARGET = 16.4;
				MTL_ENABLE_DEBUG_INFO = NO;
				MTL_FAST_MATH = YES;
				SDKROOT = iphoneos;
				SWIFT_COMPILATION_MODE = wholemodule;
				SWIFT_OPTIMIZATION_LEVEL = "-O";
				VALIDATE_PRODUCT = YES;
			};
			name = Release;
		};
		D66D070929D973EB009A3CCC /* Debug */ = {
			isa = XCBuildConfiguration;
			baseConfigurationReference = CB4444D8C568B6A564011CAA /* Pods-FileOperationsExample.debug.xcconfig */;
			buildSettings = {
				ASSETCATALOG_COMPILER_APPICON_NAME = AppIcon;
				ASSETCATALOG_COMPILER_GLOBAL_ACCENT_COLOR_NAME = AccentColor;
				CODE_SIGN_STYLE = Automatic;
				CURRENT_PROJECT_VERSION = 1;
				DEVELOPMENT_TEAM = NVWPAWJE8W;
				GENERATE_INFOPLIST_FILE = YES;
				INFOPLIST_FILE = FileOperationsExample/Info.plist;
				INFOPLIST_KEY_UIApplicationSupportsIndirectInputEvents = YES;
				INFOPLIST_KEY_UILaunchStoryboardName = LaunchScreen;
				INFOPLIST_KEY_UIMainStoryboardFile = Main;
				INFOPLIST_KEY_UISupportedInterfaceOrientations_iPad = "UIInterfaceOrientationPortrait UIInterfaceOrientationPortraitUpsideDown UIInterfaceOrientationLandscapeLeft UIInterfaceOrientationLandscapeRight";
				INFOPLIST_KEY_UISupportedInterfaceOrientations_iPhone = "UIInterfaceOrientationPortrait UIInterfaceOrientationLandscapeLeft UIInterfaceOrientationLandscapeRight";
				LD_RUNPATH_SEARCH_PATHS = (
					"$(inherited)",
					"@executable_path/Frameworks",
				);
				MARKETING_VERSION = 1.0;
				PRODUCT_BUNDLE_IDENTIFIER = com.test.app.FileOperationsExample;
				PRODUCT_NAME = "$(TARGET_NAME)";
				SWIFT_EMIT_LOC_STRINGS = YES;
				SWIFT_VERSION = 5.0;
				TARGETED_DEVICE_FAMILY = "1,2";
			};
			name = Debug;
		};
		D66D070A29D973EB009A3CCC /* Release */ = {
			isa = XCBuildConfiguration;
			baseConfigurationReference = B1D1A997AF039EF2FE1FFCBD /* Pods-FileOperationsExample.release.xcconfig */;
			buildSettings = {
				ASSETCATALOG_COMPILER_APPICON_NAME = AppIcon;
				ASSETCATALOG_COMPILER_GLOBAL_ACCENT_COLOR_NAME = AccentColor;
				CODE_SIGN_STYLE = Automatic;
				CURRENT_PROJECT_VERSION = 1;
				DEVELOPMENT_TEAM = NVWPAWJE8W;
				GENERATE_INFOPLIST_FILE = YES;
				INFOPLIST_FILE = FileOperationsExample/Info.plist;
				INFOPLIST_KEY_UIApplicationSupportsIndirectInputEvents = YES;
				INFOPLIST_KEY_UILaunchStoryboardName = LaunchScreen;
				INFOPLIST_KEY_UIMainStoryboardFile = Main;
				INFOPLIST_KEY_UISupportedInterfaceOrientations_iPad = "UIInterfaceOrientationPortrait UIInterfaceOrientationPortraitUpsideDown UIInterfaceOrientationLandscapeLeft UIInterfaceOrientationLandscapeRight";
				INFOPLIST_KEY_UISupportedInterfaceOrientations_iPhone = "UIInterfaceOrientationPortrait UIInterfaceOrientationLandscapeLeft UIInterfaceOrientationLandscapeRight";
				LD_RUNPATH_SEARCH_PATHS = (
					"$(inherited)",
					"@executable_path/Frameworks",
				);
				MARKETING_VERSION = 1.0;
				PRODUCT_BUNDLE_IDENTIFIER = com.test.app.FileOperationsExample;
				PRODUCT_NAME = "$(TARGET_NAME)";
				SWIFT_EMIT_LOC_STRINGS = YES;
				SWIFT_VERSION = 5.0;
				TARGETED_DEVICE_FAMILY = "1,2";
			};
			name = Release;
		};
/* End XCBuildConfiguration section */

/* Begin XCConfigurationList section */
		D66D06EF29D973EA009A3CCC /* Build configuration list for PBXProject "FileOperationsExample" */ = {
			isa = XCConfigurationList;
			buildConfigurations = (
				D66D070629D973EB009A3CCC /* Debug */,
				D66D070729D973EB009A3CCC /* Release */,
			);
			defaultConfigurationIsVisible = 0;
			defaultConfigurationName = Release;
		};
		D66D070829D973EB009A3CCC /* Build configuration list for PBXNativeTarget "FileOperationsExample" */ = {
			isa = XCConfigurationList;
			buildConfigurations = (
				D66D070929D973EB009A3CCC /* Debug */,
				D66D070A29D973EB009A3CCC /* Release */,
			);
			defaultConfigurationIsVisible = 0;
			defaultConfigurationName = Release;
		};
/* End XCConfigurationList section */
	};
	rootObject = D66D06EC29D973EA009A3CCC /* Project object */;
}
